
Microsoft Visual Studio Solution File, Format Version 12.00
# Visual Studio Version 17
VisualStudioVersion = 17.5.33424.131
MinimumVisualStudioVersion = 10.0.40219.1
Project("{FAE04EC0-301F-11D3-BF4B-00C04F79EFBC}") = "Monthly_Savings_WF", "Monthly_Savings_WF\Monthly_Savings_WF.csproj", "{03ABC43D-E544-4E17-BBC4-4C625168B9C7}"
EndProject
Global
	GlobalSection(SolutionConfigurationPlatforms) = preSolution
		Debug|Any CPU = Debug|Any CPU
		Release|Any CPU = Release|Any CPU
	EndGlobalSection
	GlobalSection(ProjectConfigurationPlatforms) = postSolution
		{03ABC43D-E544-4E17-BBC4-4C625168B9C7}.Debug|Any CPU.ActiveCfg = Debug|Any CPU
		{03ABC43D-E544-4E17-BBC4-4C625168B9C7}.Debug|Any CPU.Build.0 = Debug|Any CPU
		{03ABC43D-E544-4E17-BBC4-4C625168B9C7}.Release|Any CPU.ActiveCfg = Release|Any CPU
		{03ABC43D-E544-4E17-BBC4-4C625168B9C7}.Release|Any CPU.Build.0 = Release|Any CPU
	EndGlobalSection
	GlobalSection(SolutionProperties) = preSolution
		HideSolutionNode = FALSE
	EndGlobalSection
	GlobalSection(ExtensibilityGlobals) = postSolution
		SolutionGuid = {39158BFF-DF9E-4BB6-BEF7-869C29EFF91F}
	EndGlobalSection
EndGlobal
